
Microsoft Visual Studio Solution File, Format Version 12.00
# Visual Studio Version 17
VisualStudioVersion = 17.11.35208.52
MinimumVisualStudioVersion = 10.0.40219.1
Project("{FAE04EC0-301F-11D3-BF4B-00C04F79EFBC}") = "DesktopUI", "OveralDesktopUI\DesktopUI.csproj", "{A0113E5A-9C1D-42AD-BC2E-7779E8626DA9}"
EndProject
Global
	GlobalSection(SolutionConfigurationPlatforms) = preSolution
		Debug|Any CPU = Debug|Any CPU
		Release|Any CPU = Release|Any CPU
	EndGlobalSection
	GlobalSection(ProjectConfigurationPlatforms) = postSolution
		{A0113E5A-9C1D-42AD-BC2E-7779E8626DA9}.Debug|Any CPU.ActiveCfg = Debug|Any CPU
		{A0113E5A-9C1D-42AD-BC2E-7779E8626DA9}.Debug|Any CPU.Build.0 = Debug|Any CPU
		{A0113E5A-9C1D-42AD-BC2E-7779E8626DA9}.Release|Any CPU.ActiveCfg = Release|Any CPU
		{A0113E5A-9C1D-42AD-BC2E-7779E8626DA9}.Release|Any CPU.Build.0 = Release|Any CPU
	EndGlobalSection
	GlobalSection(SolutionProperties) = preSolution
		HideSolutionNode = FALSE
	EndGlobalSection
	GlobalSection(ExtensibilityGlobals) = postSolution
		SolutionGuid = {4520D256-1482-4C7A-93DD-F6F1E1C36357}
	EndGlobalSection
EndGlobal
